
Microsoft Visual Studio Solution File, Format Version 12.00
# Visual Studio 15
VisualStudioVersion = 15.0.25807.0
MinimumVisualStudioVersion = 10.0.40219.1
Project("{FAE04EC0-301F-11D3-BF4B-00C04F79EFBC}") = "Network.Core", "Network.Core\Network.Core.csproj", "{DD27C76C-6E3D-4AC2-A5FD-C28FD3299013}"
EndProject
Project("{FAE04EC0-301F-11D3-BF4B-00C04F79EFBC}") = "Network.Tests", "Network.Tests\Network.Tests.csproj", "{CE5FFFA5-91D7-4E5C-8398-2B9358A07FBF}"
EndProject
Project("{FAE04EC0-301F-11D3-BF4B-00C04F79EFBC}") = "Network.UI.ConsoleServer", "Network.UI.ConsoleServer\Network.UI.ConsoleServer.csproj", "{15B61D4D-550C-4620-BA05-F0B824A1F537}"
EndProject
Global
	GlobalSection(SolutionConfigurationPlatforms) = preSolution
		Debug|Any CPU = Debug|Any CPU
		Release|Any CPU = Release|Any CPU
	EndGlobalSection
	GlobalSection(ProjectConfigurationPlatforms) = postSolution
		{DD27C76C-6E3D-4AC2-A5FD-C28FD3299013}.Debug|Any CPU.ActiveCfg = Debug|Any CPU
		{DD27C76C-6E3D-4AC2-A5FD-C28FD3299013}.Debug|Any CPU.Build.0 = Debug|Any CPU
		{DD27C76C-6E3D-4AC2-A5FD-C28FD3299013}.Release|Any CPU.ActiveCfg = Release|Any CPU
		{DD27C76C-6E3D-4AC2-A5FD-C28FD3299013}.Release|Any CPU.Build.0 = Release|Any CPU
		{CE5FFFA5-91D7-4E5C-8398-2B9358A07FBF}.Debug|Any CPU.ActiveCfg = Debug|Any CPU
		{CE5FFFA5-91D7-4E5C-8398-2B9358A07FBF}.Debug|Any CPU.Build.0 = Debug|Any CPU
		{CE5FFFA5-91D7-4E5C-8398-2B9358A07FBF}.Release|Any CPU.ActiveCfg = Release|Any CPU
		{CE5FFFA5-91D7-4E5C-8398-2B9358A07FBF}.Release|Any CPU.Build.0 = Release|Any CPU
		{15B61D4D-550C-4620-BA05-F0B824A1F537}.Debug|Any CPU.ActiveCfg = Debug|Any CPU
		{15B61D4D-550C-4620-BA05-F0B824A1F537}.Debug|Any CPU.Build.0 = Debug|Any CPU
		{15B61D4D-550C-4620-BA05-F0B824A1F537}.Release|Any CPU.ActiveCfg = Release|Any CPU
		{15B61D4D-550C-4620-BA05-F0B824A1F537}.Release|Any CPU.Build.0 = Release|Any CPU
	EndGlobalSection
	GlobalSection(SolutionProperties) = preSolution
		HideSolutionNode = FALSE
	EndGlobalSection
EndGlobal
